
Microsoft Visual Studio Solution File, Format Version 12.00
# Visual Studio Version 16
VisualStudioVersion = 16.0.30711.63
MinimumVisualStudioVersion = 10.0.40219.1
Project("{FAE04EC0-301F-11D3-BF4B-00C04F79EFBC}") = "StringCompare", "StringCompare\StringCompare.csproj", "{4BE1BC35-2D0E-4597-A80F-B7178D36BC7F}"
EndProject
Global
	GlobalSection(SolutionConfigurationPlatforms) = preSolution
		Debug|Any CPU = Debug|Any CPU
		Release|Any CPU = Release|Any CPU
	EndGlobalSection
	GlobalSection(ProjectConfigurationPlatforms) = postSolution
		{4BE1BC35-2D0E-4597-A80F-B7178D36BC7F}.Debug|Any CPU.ActiveCfg = Debug|Any CPU
		{4BE1BC35-2D0E-4597-A80F-B7178D36BC7F}.Debug|Any CPU.Build.0 = Debug|Any CPU
		{4BE1BC35-2D0E-4597-A80F-B7178D36BC7F}.Release|Any CPU.ActiveCfg = Release|Any CPU
		{4BE1BC35-2D0E-4597-A80F-B7178D36BC7F}.Release|Any CPU.Build.0 = Release|Any CPU
	EndGlobalSection
	GlobalSection(SolutionProperties) = preSolution
		HideSolutionNode = FALSE
	EndGlobalSection
	GlobalSection(ExtensibilityGlobals) = postSolution
		SolutionGuid = {2D6F8171-2450-4BBD-A319-C5B5A3FD8E86}
	EndGlobalSection
EndGlobal
